<Solution>
  <Folder Name="/src/">
    <Project Path="src/Novolis.Commands.Abstractions/Novolis.Commands.Abstractions.csproj" />
    <Project Path="src/Novolis.Commands.Engine/Novolis.Commands.Engine.csproj" />
    <Project Path="src/Novolis.Commands.Queueing/Novolis.Commands.Queueing.csproj" />
    <Project Path="src/Novolis.Commands.DependencyInjection/Novolis.Commands.DependencyInjection.csproj" />
    <Project Path="src/Novolis.Commands.Testing/Novolis.Commands.Testing.csproj" />
  </Folder>
  <Folder Name="/tests/">
    <Project Path="tests/Novolis.Commands.Unit/Novolis.Commands.Unit.csproj" />
    </Folder>
</Solution>
